
Microsoft Visual Studio Solution File, Format Version 12.00
# Visual Studio Version 17
VisualStudioVersion = 17.14.36603.0 d17.14
MinimumVisualStudioVersion = 10.0.40219.1
Project("{FAE04EC0-301F-11D3-BF4B-00C04F79EFBC}") = "CSharpSkillTest", "CSharpSkillTest\CSharpSkillTest.csproj", "{E4EB80FB-0D43-4B90-AB0C-4E4DA05961FA}"
EndProject
Project("{FAE04EC0-301F-11D3-BF4B-00C04F79EFBC}") = "CSharpSkillTest.UnitTest", "CSharpSkillTest.UnitTest\CSharpSkillTest.UnitTest.csproj", "{76D62595-54F4-406B-9E7F-A1A2C9EDCC20}"
EndProject
Global
	GlobalSection(SolutionConfigurationPlatforms) = preSolution
		Debug|Any CPU = Debug|Any CPU
		Release|Any CPU = Release|Any CPU
	EndGlobalSection
	GlobalSection(ProjectConfigurationPlatforms) = postSolution
		{E4EB80FB-0D43-4B90-AB0C-4E4DA05961FA}.Debug|Any CPU.ActiveCfg = Debug|Any CPU
		{E4EB80FB-0D43-4B90-AB0C-4E4DA05961FA}.Debug|Any CPU.Build.0 = Debug|Any CPU
		{E4EB80FB-0D43-4B90-AB0C-4E4DA05961FA}.Release|Any CPU.ActiveCfg = Release|Any CPU
		{E4EB80FB-0D43-4B90-AB0C-4E4DA05961FA}.Release|Any CPU.Build.0 = Release|Any CPU
		{76D62595-54F4-406B-9E7F-A1A2C9EDCC20}.Debug|Any CPU.ActiveCfg = Debug|Any CPU
		{76D62595-54F4-406B-9E7F-A1A2C9EDCC20}.Debug|Any CPU.Build.0 = Debug|Any CPU
		{76D62595-54F4-406B-9E7F-A1A2C9EDCC20}.Release|Any CPU.ActiveCfg = Release|Any CPU
		{76D62595-54F4-406B-9E7F-A1A2C9EDCC20}.Release|Any CPU.Build.0 = Release|Any CPU
	EndGlobalSection
	GlobalSection(SolutionProperties) = preSolution
		HideSolutionNode = FALSE
	EndGlobalSection
	GlobalSection(ExtensibilityGlobals) = postSolution
		SolutionGuid = {94F3212A-0B33-42A0-9FA0-5586DDCC8F22}
	EndGlobalSection
EndGlobal
